hash: 0d0556ee634d2e5274c9c67bb040e67569d26d4d424f25a5edf07ca84c71abdc
updated: 2017-07-06T20:47:48.96757312+01:00
imports:
- name: github.com/awnumar/memguard
  version: 876381f04013f0a2934ff5e2f044171378614fa2
  subpackages:
  - memcall
- name: github.com/cheggaaa/pb
  version: f6ccf2184de4dd34495277e38dc19b6e7fbe0ea2
- name: github.com/golang/snappy
  version: 553a641470496b2327abcac10b36396bd98e45c9
- name: github.com/Jeffail/gabs
  version: 2a3aa15961d5fee6047b8151b67ac2f08ba2c48c
- name: github.com/mattn/go-runewidth
  version: 97311d9f7767e3d6f422ea06661bc2c7a19e8a5d
- name: github.com/syndtr/goleveldb
  version: 8c81ea47d4c41a385645e133e15510fc6a2a74b4
  subpackages:
  - leveldb
  - leveldb/cache
  - leveldb/comparer
  - leveldb/errors
  - leveldb/filter
  - leveldb/iterator
  - leveldb/journal
  - leveldb/memdb
  - leveldb/opt
  - leveldb/storage
  - leveldb/table
  - leveldb/util
- name: golang.org/x/crypto
  version: a48ac81e47fd6f9ed1258f3b60ae9e75f93cb7ed
  subpackages:
  - blake2b
  - nacl/secretbox
  - pbkdf2
  - poly1305
  - salsa20/salsa
  - scrypt
  - ssh/terminal
- name: golang.org/x/sys
  version: 6faef541c73732f438fb660a212750a9ba9f9362
  subpackages:
  - unix
  - windows
testImports: []
